// !$*UTF8*$!
{
	archiveVersion = 1;
	classes = {
	};
	objectVersion = 50;
	objects = {

/* Begin PBXBuildFile section */
		B23439DE21B4A99E003C3F63 /* AppDelegate.swift in Sources */ = {isa = PBXBuildFile; fileRef = B23439DD21B4A99E003C3F63 /* AppDelegate.swift */; };
		B23439E021B4A99E003C3F63 /* art.scnassets in Resources */ = {isa = PBXBuildFile; fileRef = B23439DF21B4A99E003C3F63 /* art.scnassets */; };
		B23439E221B4A99E003C3F63 /* ViewController.swift in Sources */ = {isa = PBXBuildFile; fileRef = B23439E121B4A99E003C3F63 /* ViewController.swift */; };
		B23439E521B4A99E003C3F63 /* Main.storyboard in Resources */ = {isa = PBXBuildFile; fileRef = B23439E321B4A99E003C3F63 /* Main.storyboard */; };
		B23439E721B4A9A0003C3F63 /* Assets.xcassets in Resources */ = {isa = PBXBuildFile; fileRef = B23439E621B4A9A0003C3F63 /* Assets.xcassets */; };
		B23439EA21B4A9A0003C3F63 /* LaunchScreen.storyboard in Resources */ = {isa = PBXBuildFile; fileRef = B23439E821B4A9A0003C3F63 /* LaunchScreen.storyboard */; };
/* End PBXBuildFile section */

/* Begin PBXFileReference section */
		B23439DA21B4A998003C3F63 /* ARHighlight.app */ = {isa = PBXFileReference; explicitFileType = wrapper.application; includeInIndex = 0; path = ARHighlight.app; sourceTree = BUILT_PRODUCTS_DIR; };
		B23439DD21B4A99E003C3F63 /* AppDelegate.swift */ = {isa = PBXFileReference; lastKnownFileType = sourcecode.swift; path = AppDelegate.swift; sourceTree = "<group>"; };
		B23439DF21B4A99E003C3F63 /* art.scnassets */ = {isa = PBXFileReference; lastKnownFileType = wrapper.scnassets; path = art.scnassets; sourceTree = "<group>"; };
		B23439E121B4A99E003C3F63 /* ViewController.swift */ = {isa = PBXFileReference; lastKnownFileType = sourcecode.swift; path = ViewController.swift; sourceTree = "<group>"; };
		B23439E421B4A99E003C3F63 /* Base */ = {isa = PBXFileReference; lastKnownFileType = file.storyboard; name = Base; path = Base.lproj/Main.storyboard; sourceTree = "<group>"; };
		B23439E621B4A9A0003C3F63 /* Assets.xcassets */ = {isa = PBXFileReference; lastKnownFileType = folder.assetcatalog; path = Assets.xcassets; sourceTree = "<group>"; };
		B23439E921B4A9A0003C3F63 /* Base */ = {isa = PBXFileReference; lastKnownFileType = file.storyboard; name = Base; path = Base.lproj/LaunchScreen.storyboard; sourceTree = "<group>"; };
		B23439EB21B4A9A0003C3F63 /* Info.plist */ = {isa = PBXFileReference; lastKnownFileType = text.plist.xml; path = Info.plist; sourceTree = "<group>"; };
/* End PBXFileReference section */

/* Begin PBXFrameworksBuildPhase section */
		B23439D721B4A998003C3F63 /* Frameworks */ = {
			isa = PBXFrameworksBuildPhase;
			buildActionMask = 2147483647;
			files = (
			);
			runOnlyForDeploymentPostprocessing = 0;
		};
/* End PBXFrameworksBuildPhase section */

/* Begin PBXGroup section */
		B23439D121B4A997003C3F63 = {
			isa = PBXGroup;
			children = (
				B23439DC21B4A99E003C3F63 /* ARHighlight */,
				B23439DB21B4A998003C3F63 /* Products */,
			);
			sourceTree = "<group>";
		};
		B23439DB21B4A998003C3F63 /* Products */ = {
			isa = PBXGroup;
			children = (
				B23439DA21B4A998003C3F63 /* ARHighlight.app */,
			);
			name = Products;
			sourceTree = "<group>";
		};
		B23439DC21B4A99E003C3F63 /* ARHighlight */ = {
			isa = PBXGroup;
			children = (
				B23439DD21B4A99E003C3F63 /* AppDelegate.swift */,
				B23439DF21B4A99E003C3F63 /* art.scnassets */,
				B23439E121B4A99E003C3F63 /* ViewController.swift */,
				B23439E321B4A99E003C3F63 /* Main.storyboard */,
				B23439E621B4A9A0003C3F63 /* Assets.xcassets */,
				B23439E821B4A9A0003C3F63 /* LaunchScreen.storyboard */,
				B23439EB21B4A9A0003C3F63 /* Info.plist */,
			);
			path = ARHighlight;
			sourceTree = "<group>";
		};
/* End PBXGroup section */

/* Begin PBXNativeTarget section */
		B23439D921B4A998003C3F63 /* ARHighlight */ = {
			isa = PBXNativeTarget;
			buildConfigurationList = B23439EE21B4A9A0003C3F63 /* Build configuration list for PBXNativeTarget "ARHighlight" */;
			buildPhases = (
				B23439D621B4A998003C3F63 /* Sources */,
				B23439D721B4A998003C3F63 /* Frameworks */,
				B23439D821B4A998003C3F63 /* Resources */,
			);
			buildRules = (
			);
			dependencies = (
			);
			name = ARHighlight;
			productName = ARHighlight;
			productReference = B23439DA21B4A998003C3F63 /* ARHighlight.app */;
			productType = "com.apple.product-type.application";
		};
/* End PBXNativeTarget section */

/* Begin PBXProject section */
		B23439D221B4A997003C3F63 /* Project object */ = {
			isa = PBXProject;
			attributes = {
				LastSwiftUpdateCheck = 1010;
				LastUpgradeCheck = 1010;
				ORGANIZATIONNAME = "Andrew Li";
				TargetAttributes = {
					B23439D921B4A998003C3F63 = {
						CreatedOnToolsVersion = 10.1;
					};
				};
			};
			buildConfigurationList = B23439D521B4A997003C3F63 /* Build configuration list for PBXProject "ARHighlight" */;
			compatibilityVersion = "Xcode 9.3";
			developmentRegion = en;
			hasScannedForEncodings = 0;
			knownRegions = (
				en,
				Base,
			);
			mainGroup = B23439D121B4A997003C3F63;
			productRefGroup = B23439DB21B4A998003C3F63 /* Products */;
			projectDirPath = "";
			projectRoot = "";
			targets = (
				B23439D921B4A998003C3F63 /* ARHighlight */,
			);
		};
/* End PBXProject section */

/* Begin PBXResourcesBuildPhase section */
		B23439D821B4A998003C3F63 /* Resources */ = {
			isa = PBXResourcesBuildPhase;
			buildActionMask = 2147483647;
			files = (
				B23439E021B4A99E003C3F63 /* art.scnassets in Resources */,
				B23439EA21B4A9A0003C3F63 /* LaunchScreen.storyboard in Resources */,
				B23439E721B4A9A0003C3F63 /* Assets.xcassets in Resources */,
				B23439E521B4A99E003C3F63 /* Main.storyboard in Resources */,
			);
			runOnlyForDeploymentPostprocessing = 0;
		};
/* End PBXResourcesBuildPhase section */

/* Begin PBXSourcesBuildPhase section */
		B23439D621B4A998003C3F63 /* Sources */ = {
			isa = PBXSourcesBuildPhase;
			buildActionMask = 2147483647;
			files = (
				B23439E221B4A99E003C3F63 /* ViewController.swift in Sources */,
				B23439DE21B4A99E003C3F63 /* AppDelegate.swift in Sources */,
			);
			runOnlyForDeploymentPostprocessing = 0;
		};
/* End PBXSourcesBuildPhase section */

/* Begin PBXVariantGroup section */
		B23439E321B4A99E003C3F63 /* Main.storyboard */ = {
			isa = PBXVariantGroup;
			children = (
				B23439E421B4A99E003C3F63 /* Base */,
			);
			name = Main.storyboard;
			sourceTree = "<group>";
		};
		B23439E821B4A9A0003C3F63 /* LaunchScreen.storyboard */ = {
			isa = PBXVariantGroup;
			children = (
				B23439E921B4A9A0003C3F63 /* Base */,
			);
			name = LaunchScreen.storyboard;
			sourceTree = "<group>";
		};
/* End PBXVariantGroup section */

/* Begin XCBuildConfiguration section */
		B23439EC21B4A9A0003C3F63 /* Debug */ = {
			isa = XCBuildConfiguration;
			buildSettings = {
				ALWAYS_SEARCH_USER_PATHS = NO;
				CLANG_ANALYZER_NONNULL = YES;
				CLANG_ANALYZER_NUMBER_OBJECT_CONVERSION = YES_AGGRESSIVE;
				CLANG_CXX_LANGUAGE_STANDARD = "gnu++14";
				CLANG_CXX_LIBRARY = "libc++";
				CLANG_ENABLE_MODULES = YES;
				CLANG_ENABLE_OBJC_ARC = YES;
				CLANG_ENABLE_OBJC_WEAK = YES;
				CLANG_WARN_BLOCK_CAPTURE_AUTORELEASING = YES;
				CLANG_WARN_BOOL_CONVERSION = YES;
				CLANG_WARN_COMMA = YES;
				CLANG_WARN_CONSTANT_CONVERSION = YES;
				CLANG_WARN_DEPRECATED_OBJC_IMPLEMENTATIONS = YES;
				CLANG_WARN_DIRECT_OBJC_ISA_USAGE = YES_ERROR;
				CLANG_WARN_DOCUMENTATION_COMMENTS = YES;
				CLANG_WARN_EMPTY_BODY = YES;
				CLANG_WARN_ENUM_CONVERSION = YES;
				CLANG_WARN_INFINITE_RECURSION = YES;
				CLANG_WARN_INT_CONVERSION = YES;
				CLANG_WARN_NON_LITERAL_NULL_CONVERSION = YES;
				CLANG_WARN_OBJC_IMPLICIT_RETAIN_SELF = YES;
				CLANG_WARN_OBJC_LITERAL_CONVERSION = YES;
				CLANG_WARN_OBJC_ROOT_CLASS = YES_ERROR;
				CLANG_WARN_RANGE_LOOP_ANALYSIS = YES;
				CLANG_WARN_STRICT_PROTOTYPES = YES;
				CLANG_WARN_SUSPICIOUS_MOVE = YES;
				CLANG_WARN_UNGUARDED_AVAILABILITY = YES_AGGRESSIVE;
				CLANG_WARN_UNREACHABLE_CODE = YES;
				CLANG_WARN__DUPLICATE_METHOD_MATCH = YES;
				CODE_SIGN_IDENTITY = "iPhone Developer";
				COPY_PHASE_STRIP = NO;
				DEBUG_INFORMATION_FORMAT = dwarf;
				ENABLE_STRICT_OBJC_MSGSEND = YES;
				ENABLE_TESTABILITY = YES;
				GCC_C_LANGUAGE_STANDARD = gnu11;
				GCC_DYNAMIC_NO_PIC = NO;
				GCC_NO_COMMON_BLOCKS = YES;
				GCC_OPTIMIZATION_LEVEL = 0;
				GCC_PREPROCESSOR_DEFINITIONS = (
					"DEBUG=1",
					"$(inherited)",
				);
				GCC_WARN_64_TO_32_BIT_CONVERSION = YES;
				GCC_WARN_ABOUT_RETURN_TYPE = YES_ERROR;
				GCC_WARN_UNDECLARED_SELECTOR = YES;
				GCC_WARN_UNINITIALIZED_AUTOS = YES_AGGRESSIVE;
				GCC_WARN_UNUSED_FUNCTION = YES;
				GCC_WARN_UNUSED_VARIABLE = YES;
				IPHONEOS_DEPLOYMENT_TARGET = 12.1;
				MTL_ENABLE_DEBUG_INFO = INCLUDE_SOURCE;
				MTL_FAST_MATH = YES;
				ONLY_ACTIVE_ARCH = YES;
				SDKROOT = iphoneos;
				SWIFT_ACTIVE_COMPILATION_CONDITIONS = DEBUG;
				SWIFT_OPTIMIZATION_LEVEL = "-Onone";
			};
			name = Debug;
		};
		B23439ED21B4A9A0003C3F63 /* Release */ = {
			isa = XCBuildConfiguration;
			buildSettings = {
				ALWAYS_SEARCH_USER_PATHS = NO;
				CLANG_ANALYZER_NONNULL = YES;
				CLANG_ANALYZER_NUMBER_OBJECT_CONVERSION = YES_AGGRESSIVE;
				CLANG_CXX_LANGUAGE_STANDARD = "gnu++14";
				CLANG_CXX_LIBRARY = "libc++";
				CLANG_ENABLE_MODULES = YES;
				CLANG_ENABLE_OBJC_ARC = YES;
				CLANG_ENABLE_OBJC_WEAK = YES;
				CLANG_WARN_BLOCK_CAPTURE_AUTORELEASING = YES;
				CLANG_WARN_BOOL_CONVERSION = YES;
				CLANG_WARN_COMMA = YES;
				CLANG_WARN_CONSTANT_CONVERSION = YES;
				CLANG_WARN_DEPRECATED_OBJC_IMPLEMENTATIONS = YES;
				CLANG_WARN_DIRECT_OBJC_ISA_USAGE = YES_ERROR;
				CLANG_WARN_DOCUMENTATION_COMMENTS = YES;
				CLANG_WARN_EMPTY_BODY = YES;
				CLANG_WARN_ENUM_CONVERSION = YES;
				CLANG_WARN_INFINITE_RECURSION = YES;
				CLANG_WARN_INT_CONVERSION = YES;
				CLANG_WARN_NON_LITERAL_NULL_CONVERSION = YES;
				CLANG_WARN_OBJC_IMPLICIT_RETAIN_SELF = YES;
				CLANG_WARN_OBJC_LITERAL_CONVERSION = YES;
				CLANG_WARN_OBJC_ROOT_CLASS = YES_ERROR;
				CLANG_WARN_RANGE_LOOP_ANALYSIS = YES;
				CLANG_WARN_STRICT_PROTOTYPES = YES;
				CLANG_WARN_SUSPICIOUS_MOVE = YES;
				CLANG_WARN_UNGUARDED_AVAILABILITY = YES_AGGRESSIVE;
				CLANG_WARN_UNREACHABLE_CODE = YES;
				CLANG_WARN__DUPLICATE_METHOD_MATCH = YES;
				CODE_SIGN_IDENTITY = "iPhone Developer";
				COPY_PHASE_STRIP = NO;
				DEBUG_INFORMATION_FORMAT = "dwarf-with-dsym";
				ENABLE_NS_ASSERTIONS = NO;
				ENABLE_STRICT_OBJC_MSGSEND = YES;
				GCC_C_LANGUAGE_STANDARD = gnu11;
				GCC_NO_COMMON_BLOCKS = YES;
				GCC_WARN_64_TO_32_BIT_CONVERSION = YES;
				GCC_WARN_ABOUT_RETURN_TYPE = YES_ERROR;
				GCC_WARN_UNDECLARED_SELECTOR = YES;
				GCC_WARN_UNINITIALIZED_AUTOS = YES_AGGRESSIVE;
				GCC_WARN_UNUSED_FUNCTION = YES;
				GCC_WARN_UNUSED_VARIABLE = YES;
				IPHONEOS_DEPLOYMENT_TARGET = 12.1;
				MTL_ENABLE_DEBUG_INFO = NO;
				MTL_FAST_MATH = YES;
				SDKROOT = iphoneos;
				SWIFT_COMPILATION_MODE = wholemodule;
				SWIFT_OPTIMIZATION_LEVEL = "-O";
				VALIDATE_PRODUCT = YES;
			};
			name = Release;
		};
		B23439EF21B4A9A0003C3F63 /* Debug */ = {
			isa = XCBuildConfiguration;
			buildSettings = {
				ASSETCATALOG_COMPILER_APPICON_NAME = AppIcon;
				CODE_SIGN_STYLE = Automatic;
				DEVELOPMENT_TEAM = 6MCT7GBTT7;
				INFOPLIST_FILE = ARHighlight/Info.plist;
				LD_RUNPATH_SEARCH_PATHS = (
					"$(inherited)",
					"@executable_path/Frameworks",
				);
				PRODUCT_BUNDLE_IDENTIFIER = com.li357.ARHighlight;
				PRODUCT_NAME = "$(TARGET_NAME)";
				SWIFT_VERSION = 4.2;
				TARGETED_DEVICE_FAMILY = "1,2";
			};
			name = Debug;
		};
		B23439F021B4A9A0003C3F63 /* Release */ = {
			isa = XCBuildConfiguration;
			buildSettings = {
				ASSETCATALOG_COMPILER_APPICON_NAME = AppIcon;
				CODE_SIGN_STYLE = Automatic;
				DEVELOPMENT_TEAM = 6MCT7GBTT7;
				INFOPLIST_FILE = ARHighlight/Info.plist;
				LD_RUNPATH_SEARCH_PATHS = (
					"$(inherited)",
					"@executable_path/Frameworks",
				);
				PRODUCT_BUNDLE_IDENTIFIER = com.li357.ARHighlight;
				PRODUCT_NAME = "$(TARGET_NAME)";
				SWIFT_VERSION = 4.2;
				TARGETED_DEVICE_FAMILY = "1,2";
			};
			name = Release;
		};
/* End XCBuildConfiguration section */

/* Begin XCConfigurationList section */
		B23439D521B4A997003C3F63 /* Build configuration list for PBXProject "ARHighlight" */ = {
			isa = XCConfigurationList;
			buildConfigurations = (
				B23439EC21B4A9A0003C3F63 /* Debug */,
				B23439ED21B4A9A0003C3F63 /* Release */,
			);
			defaultConfigurationIsVisible = 0;
			defaultConfigurationName = Release;
		};
		B23439EE21B4A9A0003C3F63 /* Build configuration list for PBXNativeTarget "ARHighlight" */ = {
			isa = XCConfigurationList;
			buildConfigurations = (
				B23439EF21B4A9A0003C3F63 /* Debug */,
				B23439F021B4A9A0003C3F63 /* Release */,
			);
			defaultConfigurationIsVisible = 0;
			defaultConfigurationName = Release;
		};
/* End XCConfigurationList section */
	};
	rootObject = B23439D221B4A997003C3F63 /* Project object */;
}
